{
  "name": "core",
  "version": "1.0.0",
  "lockfileVersion": 1,
  "requires": true,
  "dependencies": {
    "@types/node": {
      "version": "11.13.5",
      "resolved": "http://registry.npm.taobao.org/@types/node/download/@types/node-11.13.5.tgz",
      "integrity": "sha1-JmVkr6imoJ3HeN+sxwPtPwnIBRY="
    },
    "mobx": {
      "version": "5.9.4",
      "resolved": "http://registry.npm.taobao.org/mobx/download/mobx-5.9.4.tgz",
      "integrity": "sha1-He6Sq6M/Z7e67rZ54703ahLlWBI="
    },
    "typescript": {
      "version": "3.4.4",
      "resolved": "http://registry.npm.taobao.org/typescript/download/typescript-3.4.4.tgz",
      "integrity": "sha1-qsSgir7KuAkadfEIQv+gYxgY94U=",
      "dev": true
    }
  }
}
